
Microsoft Visual Studio Solution File, Format Version 12.00
# Visual Studio Version 17
VisualStudioVersion = 17.10.35013.160
MinimumVisualStudioVersion = 10.0.40219.1
Project("{9A19103F-16F7-4668-BE54-9A1E7A4F7556}") = "SuperTicTacToe", "SuperTicTacToe\SuperTicTacToe.csproj", "{9FDA710A-B165-4028-9843-5C4FB843B4FD}"
EndProject
Project("{9A19103F-16F7-4668-BE54-9A1E7A4F7556}") = "SuperTicTacToe.Domain", "SuperTicTacToe.Domain\SuperTicTacToe.Domain.csproj", "{2E50EBC7-BA09-4C99-A438-F61A0BE21249}"
EndProject
Global
	GlobalSection(SolutionConfigurationPlatforms) = preSolution
		Debug|Any CPU = Debug|Any CPU
		Release|Any CPU = Release|Any CPU
	EndGlobalSection
	GlobalSection(ProjectConfigurationPlatforms) = postSolution
		{9FDA710A-B165-4028-9843-5C4FB843B4FD}.Debug|Any CPU.ActiveCfg = Debug|Any CPU
		{9FDA710A-B165-4028-9843-5C4FB843B4FD}.Debug|Any CPU.Build.0 = Debug|Any CPU
		{9FDA710A-B165-4028-9843-5C4FB843B4FD}.Release|Any CPU.ActiveCfg = Release|Any CPU
		{9FDA710A-B165-4028-9843-5C4FB843B4FD}.Release|Any CPU.Build.0 = Release|Any CPU
		{2E50EBC7-BA09-4C99-A438-F61A0BE21249}.Debug|Any CPU.ActiveCfg = Debug|Any CPU
		{2E50EBC7-BA09-4C99-A438-F61A0BE21249}.Debug|Any CPU.Build.0 = Debug|Any CPU
		{2E50EBC7-BA09-4C99-A438-F61A0BE21249}.Release|Any CPU.ActiveCfg = Release|Any CPU
		{2E50EBC7-BA09-4C99-A438-F61A0BE21249}.Release|Any CPU.Build.0 = Release|Any CPU
	EndGlobalSection
	GlobalSection(SolutionProperties) = preSolution
		HideSolutionNode = FALSE
	EndGlobalSection
	GlobalSection(ExtensibilityGlobals) = postSolution
		SolutionGuid = {B5C79270-E13B-44A1-8E80-38CC6D4471E4}
	EndGlobalSection
EndGlobal
